
Microsoft Visual Studio Solution File, Format Version 11.00
# Visual Studio 2010
Project("{FAE04EC0-301F-11D3-BF4B-00C04F79EFBC}") = "RoadToSpace", "Assembly-CSharp.csproj", "{3162436E-04BE-22DE-F703-A1CDF0E245F8}"
EndProject
Project("{FAE04EC0-301F-11D3-BF4B-00C04F79EFBC}") = "RoadToSpace", "Assembly-CSharp-firstpass.csproj", "{7279BB37-3BB6-49ED-05CA-EFE48B1320D9}"
EndProject
Project("{FAE04EC0-301F-11D3-BF4B-00C04F79EFBC}") = "RoadToSpace", "Assembly-CSharp-Editor-firstpass.csproj", "{5C69E265-E199-65AE-9EE2-280698B93FAC}"
EndProject
Global
	GlobalSection(SolutionConfigurationPlatforms) = preSolution
		Debug|Any CPU = Debug|Any CPU
		Release|Any CPU = Release|Any CPU
	EndGlobalSection
	GlobalSection(ProjectConfigurationPlatforms) = postSolution
		{3162436E-04BE-22DE-F703-A1CDF0E245F8}.Debug|Any CPU.ActiveCfg = Debug|Any CPU
		{3162436E-04BE-22DE-F703-A1CDF0E245F8}.Debug|Any CPU.Build.0 = Debug|Any CPU
		{3162436E-04BE-22DE-F703-A1CDF0E245F8}.Release|Any CPU.ActiveCfg = Release|Any CPU
		{3162436E-04BE-22DE-F703-A1CDF0E245F8}.Release|Any CPU.Build.0 = Release|Any CPU
		{7279BB37-3BB6-49ED-05CA-EFE48B1320D9}.Debug|Any CPU.ActiveCfg = Debug|Any CPU
		{7279BB37-3BB6-49ED-05CA-EFE48B1320D9}.Debug|Any CPU.Build.0 = Debug|Any CPU
		{7279BB37-3BB6-49ED-05CA-EFE48B1320D9}.Release|Any CPU.ActiveCfg = Release|Any CPU
		{7279BB37-3BB6-49ED-05CA-EFE48B1320D9}.Release|Any CPU.Build.0 = Release|Any CPU
		{5C69E265-E199-65AE-9EE2-280698B93FAC}.Debug|Any CPU.ActiveCfg = Debug|Any CPU
		{5C69E265-E199-65AE-9EE2-280698B93FAC}.Debug|Any CPU.Build.0 = Debug|Any CPU
		{5C69E265-E199-65AE-9EE2-280698B93FAC}.Release|Any CPU.ActiveCfg = Release|Any CPU
		{5C69E265-E199-65AE-9EE2-280698B93FAC}.Release|Any CPU.Build.0 = Release|Any CPU
	EndGlobalSection
	GlobalSection(SolutionProperties) = preSolution
		HideSolutionNode = FALSE
	EndGlobalSection
	GlobalSection(MonoDevelopProperties) = preSolution
		StartupItem = Assembly-CSharp.csproj
	EndGlobalSection
EndGlobal
